// !$*UTF8*$!
{
	archiveVersion = 1;
	classes = {
	};
	objectVersion = 46;
	objects = {

/* Begin PBXBuildFile section */
		61A801CC1B16734300AD32F7 /* AppDelegate.swift in Sources */ = {isa = PBXBuildFile; fileRef = 61A801CB1B16734300AD32F7 /* AppDelegate.swift */; };
		61A801CE1B16734300AD32F7 /* ViewController.swift in Sources */ = {isa = PBXBuildFile; fileRef = 61A801CD1B16734300AD32F7 /* ViewController.swift */; };
		61A801D11B16734300AD32F7 /* Main.storyboard in Resources */ = {isa = PBXBuildFile; fileRef = 61A801CF1B16734300AD32F7 /* Main.storyboard */; };
		61A801D31B16734300AD32F7 /* Images.xcassets in Resources */ = {isa = PBXBuildFile; fileRef = 61A801D21B16734300AD32F7 /* Images.xcassets */; };
		61A801D61B16734300AD32F7 /* LaunchScreen.xib in Resources */ = {isa = PBXBuildFile; fileRef = 61A801D41B16734300AD32F7 /* LaunchScreen.xib */; };
		61A801E21B16734300AD32F7 /* T1AdaptiveWeatherTests.swift in Sources */ = {isa = PBXBuildFile; fileRef = 61A801E11B16734300AD32F7 /* T1AdaptiveWeatherTests.swift */; };
/* End PBXBuildFile section */

/* Begin PBXContainerItemProxy section */
		61A801DC1B16734300AD32F7 /* PBXContainerItemProxy */ = {
			isa = PBXContainerItemProxy;
			containerPortal = 61A801BE1B16734300AD32F7 /* Project object */;
			proxyType = 1;
			remoteGlobalIDString = 61A801C51B16734300AD32F7;
			remoteInfo = T1AdaptiveWeather;
		};
/* End PBXContainerItemProxy section */

/* Begin PBXFileReference section */
		61A801C61B16734300AD32F7 /* T1AdaptiveWeather.app */ = {isa = PBXFileReference; explicitFileType = wrapper.application; includeInIndex = 0; path = T1AdaptiveWeather.app; sourceTree = BUILT_PRODUCTS_DIR; };
		61A801CA1B16734300AD32F7 /* Info.plist */ = {isa = PBXFileReference; lastKnownFileType = text.plist.xml; path = Info.plist; sourceTree = "<group>"; };
		61A801CB1B16734300AD32F7 /* AppDelegate.swift */ = {isa = PBXFileReference; lastKnownFileType = sourcecode.swift; path = AppDelegate.swift; sourceTree = "<group>"; };
		61A801CD1B16734300AD32F7 /* ViewController.swift */ = {isa = PBXFileReference; lastKnownFileType = sourcecode.swift; path = ViewController.swift; sourceTree = "<group>"; };
		61A801D01B16734300AD32F7 /* Base */ = {isa = PBXFileReference; lastKnownFileType = file.storyboard; name = Base; path = Base.lproj/Main.storyboard; sourceTree = "<group>"; };
		61A801D21B16734300AD32F7 /* Images.xcassets */ = {isa = PBXFileReference; lastKnownFileType = folder.assetcatalog; path = Images.xcassets; sourceTree = "<group>"; };
		61A801D51B16734300AD32F7 /* Base */ = {isa = PBXFileReference; lastKnownFileType = file.xib; name = Base; path = Base.lproj/LaunchScreen.xib; sourceTree = "<group>"; };
		61A801DB1B16734300AD32F7 /* T1AdaptiveWeatherTests.xctest */ = {isa = PBXFileReference; explicitFileType = wrapper.cfbundle; includeInIndex = 0; path = T1AdaptiveWeatherTests.xctest; sourceTree = BUILT_PRODUCTS_DIR; };
		61A801E01B16734300AD32F7 /* Info.plist */ = {isa = PBXFileReference; lastKnownFileType = text.plist.xml; path = Info.plist; sourceTree = "<group>"; };
		61A801E11B16734300AD32F7 /* T1AdaptiveWeatherTests.swift */ = {isa = PBXFileReference; lastKnownFileType = sourcecode.swift; path = T1AdaptiveWeatherTests.swift; sourceTree = "<group>"; };
/* End PBXFileReference section */

/* Begin PBXFrameworksBuildPhase section */
		61A801C31B16734300AD32F7 /* Frameworks */ = {
			isa = PBXFrameworksBuildPhase;
			buildActionMask = 2147483647;
			files = (
			);
			runOnlyForDeploymentPostprocessing = 0;
		};
		61A801D81B16734300AD32F7 /* Frameworks */ = {
			isa = PBXFrameworksBuildPhase;
			buildActionMask = 2147483647;
			files = (
			);
			runOnlyForDeploymentPostprocessing = 0;
		};
/* End PBXFrameworksBuildPhase section */

/* Begin PBXGroup section */
		61A801BD1B16734300AD32F7 = {
			isa = PBXGroup;
			children = (
				61A801C81B16734300AD32F7 /* T1AdaptiveWeather */,
				61A801DE1B16734300AD32F7 /* T1AdaptiveWeatherTests */,
				61A801C71B16734300AD32F7 /* Products */,
			);
			sourceTree = "<group>";
		};
		61A801C71B16734300AD32F7 /* Products */ = {
			isa = PBXGroup;
			children = (
				61A801C61B16734300AD32F7 /* T1AdaptiveWeather.app */,
				61A801DB1B16734300AD32F7 /* T1AdaptiveWeatherTests.xctest */,
			);
			name = Products;
			sourceTree = "<group>";
		};
		61A801C81B16734300AD32F7 /* T1AdaptiveWeather */ = {
			isa = PBXGroup;
			children = (
				61A801CB1B16734300AD32F7 /* AppDelegate.swift */,
				61A801CD1B16734300AD32F7 /* ViewController.swift */,
				61A801CF1B16734300AD32F7 /* Main.storyboard */,
				61A801D21B16734300AD32F7 /* Images.xcassets */,
				61A801D41B16734300AD32F7 /* LaunchScreen.xib */,
				61A801C91B16734300AD32F7 /* Supporting Files */,
			);
			path = T1AdaptiveWeather;
			sourceTree = "<group>";
		};
		61A801C91B16734300AD32F7 /* Supporting Files */ = {
			isa = PBXGroup;
			children = (
				61A801CA1B16734300AD32F7 /* Info.plist */,
			);
			name = "Supporting Files";
			sourceTree = "<group>";
		};
		61A801DE1B16734300AD32F7 /* T1AdaptiveWeatherTests */ = {
			isa = PBXGroup;
			children = (
				61A801E11B16734300AD32F7 /* T1AdaptiveWeatherTests.swift */,
				61A801DF1B16734300AD32F7 /* Supporting Files */,
			);
			path = T1AdaptiveWeatherTests;
			sourceTree = "<group>";
		};
		61A801DF1B16734300AD32F7 /* Supporting Files */ = {
			isa = PBXGroup;
			children = (
				61A801E01B16734300AD32F7 /* Info.plist */,
			);
			name = "Supporting Files";
			sourceTree = "<group>";
		};
/* End PBXGroup section */

/* Begin PBXNativeTarget section */
		61A801C51B16734300AD32F7 /* T1AdaptiveWeather */ = {
			isa = PBXNativeTarget;
			buildConfigurationList = 61A801E51B16734300AD32F7 /* Build configuration list for PBXNativeTarget "T1AdaptiveWeather" */;
			buildPhases = (
				61A801C21B16734300AD32F7 /* Sources */,
				61A801C31B16734300AD32F7 /* Frameworks */,
				61A801C41B16734300AD32F7 /* Resources */,
			);
			buildRules = (
			);
			dependencies = (
			);
			name = T1AdaptiveWeather;
			productName = T1AdaptiveWeather;
			productReference = 61A801C61B16734300AD32F7 /* T1AdaptiveWeather.app */;
			productType = "com.apple.product-type.application";
		};
		61A801DA1B16734300AD32F7 /* T1AdaptiveWeatherTests */ = {
			isa = PBXNativeTarget;
			buildConfigurationList = 61A801E81B16734300AD32F7 /* Build configuration list for PBXNativeTarget "T1AdaptiveWeatherTests" */;
			buildPhases = (
				61A801D71B16734300AD32F7 /* Sources */,
				61A801D81B16734300AD32F7 /* Frameworks */,
				61A801D91B16734300AD32F7 /* Resources */,
			);
			buildRules = (
			);
			dependencies = (
				61A801DD1B16734300AD32F7 /* PBXTargetDependency */,
			);
			name = T1AdaptiveWeatherTests;
			productName = T1AdaptiveWeatherTests;
			productReference = 61A801DB1B16734300AD32F7 /* T1AdaptiveWeatherTests.xctest */;
			productType = "com.apple.product-type.bundle.unit-test";
		};
/* End PBXNativeTarget section */

/* Begin PBXProject section */
		61A801BE1B16734300AD32F7 /* Project object */ = {
			isa = PBXProject;
			attributes = {
				LastUpgradeCheck = 0630;
				ORGANIZATIONNAME = "\tefrenalejandrobll";
				TargetAttributes = {
					61A801C51B16734300AD32F7 = {
						CreatedOnToolsVersion = 6.3.1;
					};
					61A801DA1B16734300AD32F7 = {
						CreatedOnToolsVersion = 6.3.1;
						TestTargetID = 61A801C51B16734300AD32F7;
					};
				};
			};
			buildConfigurationList = 61A801C11B16734300AD32F7 /* Build configuration list for PBXProject "T1AdaptiveWeather" */;
			compatibilityVersion = "Xcode 3.2";
			developmentRegion = English;
			hasScannedForEncodings = 0;
			knownRegions = (
				en,
				Base,
			);
			mainGroup = 61A801BD1B16734300AD32F7;
			productRefGroup = 61A801C71B16734300AD32F7 /* Products */;
			projectDirPath = "";
			projectRoot = "";
			targets = (
				61A801C51B16734300AD32F7 /* T1AdaptiveWeather */,
				61A801DA1B16734300AD32F7 /* T1AdaptiveWeatherTests */,
			);
		};
/* End PBXProject section */

/* Begin PBXResourcesBuildPhase section */
		61A801C41B16734300AD32F7 /* Resources */ = {
			isa = PBXResourcesBuildPhase;
			buildActionMask = 2147483647;
			files = (
				61A801D11B16734300AD32F7 /* Main.storyboard in Resources */,
				61A801D61B16734300AD32F7 /* LaunchScreen.xib in Resources */,
				61A801D31B16734300AD32F7 /* Images.xcassets in Resources */,
			);
			runOnlyForDeploymentPostprocessing = 0;
		};
		61A801D91B16734300AD32F7 /* Resources */ = {
			isa = PBXResourcesBuildPhase;
			buildActionMask = 2147483647;
			files = (
			);
			runOnlyForDeploymentPostprocessing = 0;
		};
/* End PBXResourcesBuildPhase section */

/* Begin PBXSourcesBuildPhase section */
		61A801C21B16734300AD32F7 /* Sources */ = {
			isa = PBXSourcesBuildPhase;
			buildActionMask = 2147483647;
			files = (
				61A801CE1B16734300AD32F7 /* ViewController.swift in Sources */,
				61A801CC1B16734300AD32F7 /* AppDelegate.swift in Sources */,
			);
			runOnlyForDeploymentPostprocessing = 0;
		};
		61A801D71B16734300AD32F7 /* Sources */ = {
			isa = PBXSourcesBuildPhase;
			buildActionMask = 2147483647;
			files = (
				61A801E21B16734300AD32F7 /* T1AdaptiveWeatherTests.swift in Sources */,
			);
			runOnlyForDeploymentPostprocessing = 0;
		};
/* End PBXSourcesBuildPhase section */

/* Begin PBXTargetDependency section */
		61A801DD1B16734300AD32F7 /* PBXTargetDependency */ = {
			isa = PBXTargetDependency;
			target = 61A801C51B16734300AD32F7 /* T1AdaptiveWeather */;
			targetProxy = 61A801DC1B16734300AD32F7 /* PBXContainerItemProxy */;
		};
/* End PBXTargetDependency section */

/* Begin PBXVariantGroup section */
		61A801CF1B16734300AD32F7 /* Main.storyboard */ = {
			isa = PBXVariantGroup;
			children = (
				61A801D01B16734300AD32F7 /* Base */,
			);
			name = Main.storyboard;
			sourceTree = "<group>";
		};
		61A801D41B16734300AD32F7 /* LaunchScreen.xib */ = {
			isa = PBXVariantGroup;
			children = (
				61A801D51B16734300AD32F7 /* Base */,
			);
			name = LaunchScreen.xib;
			sourceTree = "<group>";
		};
/* End PBXVariantGroup section */

/* Begin XCBuildConfiguration section */
		61A801E31B16734300AD32F7 /* Debug */ = {
			isa = XCBuildConfiguration;
			buildSettings = {
				ALWAYS_SEARCH_USER_PATHS = NO;
				CLANG_CXX_LANGUAGE_STANDARD = "gnu++0x";
				CLANG_CXX_LIBRARY = "libc++";
				CLANG_ENABLE_MODULES = YES;
				CLANG_ENABLE_OBJC_ARC = YES;
				CLANG_WARN_BOOL_CONVERSION = YES;
				CLANG_WARN_CONSTANT_CONVERSION = YES;
				CLANG_WARN_DIRECT_OBJC_ISA_USAGE = YES_ERROR;
				CLANG_WARN_EMPTY_BODY = YES;
				CLANG_WARN_ENUM_CONVERSION = YES;
				CLANG_WARN_INT_CONVERSION = YES;
				CLANG_WARN_OBJC_ROOT_CLASS = YES_ERROR;
				CLANG_WARN_UNREACHABLE_CODE = YES;
				CLANG_WARN__DUPLICATE_METHOD_MATCH = YES;
				"CODE_SIGN_IDENTITY[sdk=iphoneos*]" = "iPhone Developer";
				COPY_PHASE_STRIP = NO;
				DEBUG_INFORMATION_FORMAT = "dwarf-with-dsym";
				ENABLE_STRICT_OBJC_MSGSEND = YES;
				GCC_C_LANGUAGE_STANDARD = gnu99;
				GCC_DYNAMIC_NO_PIC = NO;
				GCC_NO_COMMON_BLOCKS = YES;
				GCC_OPTIMIZATION_LEVEL = 0;
				GCC_PREPROCESSOR_DEFINITIONS = (
					"DEBUG=1",
					"$(inherited)",
				);
				GCC_SYMBOLS_PRIVATE_EXTERN = NO;
				GCC_WARN_64_TO_32_BIT_CONVERSION = YES;
				GCC_WARN_ABOUT_RETURN_TYPE = YES_ERROR;
				GCC_WARN_UNDECLARED_SELECTOR = YES;
				GCC_WARN_UNINITIALIZED_AUTOS = YES_AGGRESSIVE;
				GCC_WARN_UNUSED_FUNCTION = YES;
				GCC_WARN_UNUSED_VARIABLE = YES;
				IPHONEOS_DEPLOYMENT_TARGET = 8.3;
				MTL_ENABLE_DEBUG_INFO = YES;
				ONLY_ACTIVE_ARCH = YES;
				SDKROOT = iphoneos;
				SWIFT_OPTIMIZATION_LEVEL = "-Onone";
				TARGETED_DEVICE_FAMILY = "1,2";
			};
			name = Debug;
		};
		61A801E41B16734300AD32F7 /* Release */ = {
			isa = XCBuildConfiguration;
			buildSettings = {
				ALWAYS_SEARCH_USER_PATHS = NO;
				CLANG_CXX_LANGUAGE_STANDARD = "gnu++0x";
				CLANG_CXX_LIBRARY = "libc++";
				CLANG_ENABLE_MODULES = YES;
				CLANG_ENABLE_OBJC_ARC = YES;
				CLANG_WARN_BOOL_CONVERSION = YES;
				CLANG_WARN_CONSTANT_CONVERSION = YES;
				CLANG_WARN_DIRECT_OBJC_ISA_USAGE = YES_ERROR;
				CLANG_WARN_EMPTY_BODY = YES;
				CLANG_WARN_ENUM_CONVERSION = YES;
				CLANG_WARN_INT_CONVERSION = YES;
				CLANG_WARN_OBJC_ROOT_CLASS = YES_ERROR;
				CLANG_WARN_UNREACHABLE_CODE = YES;
				CLANG_WARN__DUPLICATE_METHOD_MATCH = YES;
				"CODE_SIGN_IDENTITY[sdk=iphoneos*]" = "iPhone Developer";
				COPY_PHASE_STRIP = NO;
				DEBUG_INFORMATION_FORMAT = "dwarf-with-dsym";
				ENABLE_NS_ASSERTIONS = NO;
				ENABLE_STRICT_OBJC_MSGSEND = YES;
				GCC_C_LANGUAGE_STANDARD = gnu99;
				GCC_NO_COMMON_BLOCKS = YES;
				GCC_WARN_64_TO_32_BIT_CONVERSION = YES;
				GCC_WARN_ABOUT_RETURN_TYPE = YES_ERROR;
				GCC_WARN_UNDECLARED_SELECTOR = YES;
				GCC_WARN_UNINITIALIZED_AUTOS = YES_AGGRESSIVE;
				GCC_WARN_UNUSED_FUNCTION = YES;
				GCC_WARN_UNUSED_VARIABLE = YES;
				IPHONEOS_DEPLOYMENT_TARGET = 8.3;
				MTL_ENABLE_DEBUG_INFO = NO;
				SDKROOT = iphoneos;
				TARGETED_DEVICE_FAMILY = "1,2";
				VALIDATE_PRODUCT = YES;
			};
			name = Release;
		};
		61A801E61B16734300AD32F7 /* Debug */ = {
			isa = XCBuildConfiguration;
			buildSettings = {
				ASSETCATALOG_COMPILER_APPICON_NAME = AppIcon;
				INFOPLIST_FILE = T1AdaptiveWeather/Info.plist;
				LD_RUNPATH_SEARCH_PATHS = "$(inherited) @executable_path/Frameworks";
				PRODUCT_NAME = "$(TARGET_NAME)";
			};
			name = Debug;
		};
		61A801E71B16734300AD32F7 /* Release */ = {
			isa = XCBuildConfiguration;
			buildSettings = {
				ASSETCATALOG_COMPILER_APPICON_NAME = AppIcon;
				INFOPLIST_FILE = T1AdaptiveWeather/Info.plist;
				LD_RUNPATH_SEARCH_PATHS = "$(inherited) @executable_path/Frameworks";
				PRODUCT_NAME = "$(TARGET_NAME)";
			};
			name = Release;
		};
		61A801E91B16734300AD32F7 /* Debug */ = {
			isa = XCBuildConfiguration;
			buildSettings = {
				BUNDLE_LOADER = "$(TEST_HOST)";
				FRAMEWORK_SEARCH_PATHS = (
					"$(SDKROOT)/Developer/Library/Frameworks",
					"$(inherited)",
				);
				GCC_PREPROCESSOR_DEFINITIONS = (
					"DEBUG=1",
					"$(inherited)",
				);
				INFOPLIST_FILE = T1AdaptiveWeatherTests/Info.plist;
				LD_RUNPATH_SEARCH_PATHS = "$(inherited) @executable_path/Frameworks @loader_path/Frameworks";
				PRODUCT_NAME = "$(TARGET_NAME)";
				TEST_HOST = "$(BUILT_PRODUCTS_DIR)/T1AdaptiveWeather.app/T1AdaptiveWeather";
			};
			name = Debug;
		};
		61A801EA1B16734300AD32F7 /* Release */ = {
			isa = XCBuildConfiguration;
			buildSettings = {
				BUNDLE_LOADER = "$(TEST_HOST)";
				FRAMEWORK_SEARCH_PATHS = (
					"$(SDKROOT)/Developer/Library/Frameworks",
					"$(inherited)",
				);
				INFOPLIST_FILE = T1AdaptiveWeatherTests/Info.plist;
				LD_RUNPATH_SEARCH_PATHS = "$(inherited) @executable_path/Frameworks @loader_path/Frameworks";
				PRODUCT_NAME = "$(TARGET_NAME)";
				TEST_HOST = "$(BUILT_PRODUCTS_DIR)/T1AdaptiveWeather.app/T1AdaptiveWeather";
			};
			name = Release;
		};
/* End XCBuildConfiguration section */

/* Begin XCConfigurationList section */
		61A801C11B16734300AD32F7 /* Build configuration list for PBXProject "T1AdaptiveWeather" */ = {
			isa = XCConfigurationList;
			buildConfigurations = (
				61A801E31B16734300AD32F7 /* Debug */,
				61A801E41B16734300AD32F7 /* Release */,
			);
			defaultConfigurationIsVisible = 0;
			defaultConfigurationName = Release;
		};
		61A801E51B16734300AD32F7 /* Build configuration list for PBXNativeTarget "T1AdaptiveWeather" */ = {
			isa = XCConfigurationList;
			buildConfigurations = (
				61A801E61B16734300AD32F7 /* Debug */,
				61A801E71B16734300AD32F7 /* Release */,
			);
			defaultConfigurationIsVisible = 0;
		};
		61A801E81B16734300AD32F7 /* Build configuration list for PBXNativeTarget "T1AdaptiveWeatherTests" */ = {
			isa = XCConfigurationList;
			buildConfigurations = (
				61A801E91B16734300AD32F7 /* Debug */,
				61A801EA1B16734300AD32F7 /* Release */,
			);
			defaultConfigurationIsVisible = 0;
		};
/* End XCConfigurationList section */
	};
	rootObject = 61A801BE1B16734300AD32F7 /* Project object */;
}
